# This file is automatically @generated by Cargo.
# It is not intended for manual editing.
version = 4

[[package]]
name = "runes-demo"
version = "0.1.0"
dependencies = [
 "runes-runtime",
]

[[package]]
name = "runes-runtime"
version = "0.1.0"
dependencies = [
 "runes-trace",
]

[[package]]
name = "runes-trace"
version = "0.1.0"
